
Microsoft Visual Studio Solution File, Format Version 12.00
# Visual Studio Version 16
VisualStudioVersion = 16.0.31205.134
MinimumVisualStudioVersion = 10.0.40219.1
Project("{FAE04EC0-301F-11D3-BF4B-00C04F79EFBC}") = "IskolaAPI", "IskolaAPI\IskolaAPI.csproj", "{BD43917C-3172-420F-BB78-C7C32D666260}"
EndProject
Global
	GlobalSection(SolutionConfigurationPlatforms) = preSolution
		Debug|Any CPU = Debug|Any CPU
		Release|Any CPU = Release|Any CPU
	EndGlobalSection
	GlobalSection(ProjectConfigurationPlatforms) = postSolution
		{BD43917C-3172-420F-BB78-C7C32D666260}.Debug|Any CPU.ActiveCfg = Debug|Any CPU
		{BD43917C-3172-420F-BB78-C7C32D666260}.Debug|Any CPU.Build.0 = Debug|Any CPU
		{BD43917C-3172-420F-BB78-C7C32D666260}.Release|Any CPU.ActiveCfg = Release|Any CPU
		{BD43917C-3172-420F-BB78-C7C32D666260}.Release|Any CPU.Build.0 = Release|Any CPU
	EndGlobalSection
	GlobalSection(SolutionProperties) = preSolution
		HideSolutionNode = FALSE
	EndGlobalSection
	GlobalSection(ExtensibilityGlobals) = postSolution
		SolutionGuid = {CCBA4EC3-03C0-49B6-8918-BB65737D5BD9}
	EndGlobalSection
EndGlobal
